// !$*UTF8*$!
{
	archiveVersion = 1;
	classes = {
	};
	objectVersion = 46;
	objects = {

/* Begin PBXBuildFile section */
		AF23A7341DDF5C3C006FAB42 /* MenuNavigationController.swift in Sources */ = {isa = PBXBuildFile; fileRef = AF23A7331DDF5C3C006FAB42 /* MenuNavigationController.swift */; };
		AF5AD8E41DDEEFDD002D9B4E /* MenuService.swift in Sources */ = {isa = PBXBuildFile; fileRef = AF5AD8E31DDEEFDD002D9B4E /* MenuService.swift */; };
		AF5AD8E61DDF0DA0002D9B4E /* MenuPresenter.swift in Sources */ = {isa = PBXBuildFile; fileRef = AF5AD8E51DDF0DA0002D9B4E /* MenuPresenter.swift */; };
		AF5AD8E91DDF1C44002D9B4E /* NavigationElement.swift in Sources */ = {isa = PBXBuildFile; fileRef = AF5AD8E81DDF1C44002D9B4E /* NavigationElement.swift */; };
		AF5AD8EB1DDF2C95002D9B4E /* NavigationEntryModel.swift in Sources */ = {isa = PBXBuildFile; fileRef = AF5AD8EA1DDF2C95002D9B4E /* NavigationEntryModel.swift */; };
		AF5AD8ED1DDF2CDB002D9B4E /* NavigationEntriesModel.swift in Sources */ = {isa = PBXBuildFile; fileRef = AF5AD8EC1DDF2CDB002D9B4E /* NavigationEntriesModel.swift */; };
		AF5AD8EF1DDF3895002D9B4E /* NavigationElementTests.swift in Sources */ = {isa = PBXBuildFile; fileRef = AF5AD8EE1DDF3895002D9B4E /* NavigationElementTests.swift */; };
		AF7822FA1DDEE1FA00CBEF99 /* MenuTableViewController.swift in Sources */ = {isa = PBXBuildFile; fileRef = AF7822F91DDEE1FA00CBEF99 /* MenuTableViewController.swift */; };
		AF86F6A61DDED2E90064B64B /* AppDelegate.swift in Sources */ = {isa = PBXBuildFile; fileRef = AF86F6A51DDED2E90064B64B /* AppDelegate.swift */; };
		AF86F6A81DDED2E90064B64B /* StartViewController.swift in Sources */ = {isa = PBXBuildFile; fileRef = AF86F6A71DDED2E90064B64B /* StartViewController.swift */; };
		AF86F6AB1DDED2E90064B64B /* Main.storyboard in Resources */ = {isa = PBXBuildFile; fileRef = AF86F6A91DDED2E90064B64B /* Main.storyboard */; };
		AF86F6AD1DDED2E90064B64B /* Assets.xcassets in Resources */ = {isa = PBXBuildFile; fileRef = AF86F6AC1DDED2E90064B64B /* Assets.xcassets */; };
		AF86F6B01DDED2E90064B64B /* LaunchScreen.storyboard in Resources */ = {isa = PBXBuildFile; fileRef = AF86F6AE1DDED2E90064B64B /* LaunchScreen.storyboard */; };
		AF86F6C61DDED2E90064B64B /* MyToysTestUITests.swift in Sources */ = {isa = PBXBuildFile; fileRef = AF86F6C51DDED2E90064B64B /* MyToysTestUITests.swift */; };
		AFABBC161DDF717C00E8998B /* MenuPresenterTests.swift in Sources */ = {isa = PBXBuildFile; fileRef = AFABBC151DDF717C00E8998B /* MenuPresenterTests.swift */; };
		AFABBC181DDF8F6900E8998B /* XCTestCaseExtension.swift in Sources */ = {isa = PBXBuildFile; fileRef = AFABBC171DDF8F6900E8998B /* XCTestCaseExtension.swift */; };
		B72B74E3E4F0CACDB0046961 /* Pods_MyToysTest.framework in Frameworks */ = {isa = PBXBuildFile; fileRef = E8A5C743012FE9E29FB6CA0D /* Pods_MyToysTest.framework */; };
		B95CF40D675D36555FFE5E58 /* Pods_MyToysTestTests.framework in Frameworks */ = {isa = PBXBuildFile; fileRef = 54A890205A5D4CE52D93E79F /* Pods_MyToysTestTests.framework */; };
		E00C9FBEB0DBAF5631404B5D /* Pods_MyToysTestUITests.framework in Frameworks */ = {isa = PBXBuildFile; fileRef = DA4F3401C003C710EF66609B /* Pods_MyToysTestUITests.framework */; };
/* End PBXBuildFile section */

/* Begin PBXContainerItemProxy section */
		AF86F6B71DDED2E90064B64B /* PBXContainerItemProxy */ = {
			isa = PBXContainerItemProxy;
			containerPortal = AF86F69A1DDED2E90064B64B /* Project object */;
			proxyType = 1;
			remoteGlobalIDString = AF86F6A11DDED2E90064B64B;
			remoteInfo = MyToysTest;
		};
		AF86F6C21DDED2E90064B64B /* PBXContainerItemProxy */ = {
			isa = PBXContainerItemProxy;
			containerPortal = AF86F69A1DDED2E90064B64B /* Project object */;
			proxyType = 1;
			remoteGlobalIDString = AF86F6A11DDED2E90064B64B;
			remoteInfo = MyToysTest;
		};
/* End PBXContainerItemProxy section */

/* Begin PBXFileReference section */
		0F90FC0BFF7F9AA6A0EE6603 /* Pods-MyToysTestTests.release.xcconfig */ = {isa = PBXFileReference; includeInIndex = 1; lastKnownFileType = text.xcconfig; name = "Pods-MyToysTestTests.release.xcconfig"; path = "Pods/Target Support Files/Pods-MyToysTestTests/Pods-MyToysTestTests.release.xcconfig"; sourceTree = "<group>"; };
		159EF6B2DAE0EA5B14E74917 /* Pods-MyToysTestUITests.debug.xcconfig */ = {isa = PBXFileReference; includeInIndex = 1; lastKnownFileType = text.xcconfig; name = "Pods-MyToysTestUITests.debug.xcconfig"; path = "Pods/Target Support Files/Pods-MyToysTestUITests/Pods-MyToysTestUITests.debug.xcconfig"; sourceTree = "<group>"; };
		19478C2295986BB844915065 /* Pods-MyToysTest.debug.xcconfig */ = {isa = PBXFileReference; includeInIndex = 1; lastKnownFileType = text.xcconfig; name = "Pods-MyToysTest.debug.xcconfig"; path = "Pods/Target Support Files/Pods-MyToysTest/Pods-MyToysTest.debug.xcconfig"; sourceTree = "<group>"; };
		2523894FDA723C276485F497 /* Pods-MyToysTestTests.debug.xcconfig */ = {isa = PBXFileReference; includeInIndex = 1; lastKnownFileType = text.xcconfig; name = "Pods-MyToysTestTests.debug.xcconfig"; path = "Pods/Target Support Files/Pods-MyToysTestTests/Pods-MyToysTestTests.debug.xcconfig"; sourceTree = "<group>"; };
		4BE1E97250B0511CFB885E0B /* Pods-MyToysTest.release.xcconfig */ = {isa = PBXFileReference; includeInIndex = 1; lastKnownFileType = text.xcconfig; name = "Pods-MyToysTest.release.xcconfig"; path = "Pods/Target Support Files/Pods-MyToysTest/Pods-MyToysTest.release.xcconfig"; sourceTree = "<group>"; };
		54A890205A5D4CE52D93E79F /* Pods_MyToysTestTests.framework */ = {isa = PBXFileReference; explicitFileType = wrapper.framework; includeInIndex = 0; path = Pods_MyToysTestTests.framework; sourceTree = BUILT_PRODUCTS_DIR; };
		AF23A7331DDF5C3C006FAB42 /* MenuNavigationController.swift */ = {isa = PBXFileReference; fileEncoding = 4; lastKnownFileType = sourcecode.swift; path = MenuNavigationController.swift; sourceTree = "<group>"; };
		AF5AD8E31DDEEFDD002D9B4E /* MenuService.swift */ = {isa = PBXFileReference; fileEncoding = 4; lastKnownFileType = sourcecode.swift; path = MenuService.swift; sourceTree = "<group>"; };
		AF5AD8E51DDF0DA0002D9B4E /* MenuPresenter.swift */ = {isa = PBXFileReference; fileEncoding = 4; lastKnownFileType = sourcecode.swift; path = MenuPresenter.swift; sourceTree = "<group>"; };
		AF5AD8E81DDF1C44002D9B4E /* NavigationElement.swift */ = {isa = PBXFileReference; fileEncoding = 4; lastKnownFileType = sourcecode.swift; path = NavigationElement.swift; sourceTree = "<group>"; };
		AF5AD8EA1DDF2C95002D9B4E /* NavigationEntryModel.swift */ = {isa = PBXFileReference; fileEncoding = 4; lastKnownFileType = sourcecode.swift; path = NavigationEntryModel.swift; sourceTree = "<group>"; };
		AF5AD8EC1DDF2CDB002D9B4E /* NavigationEntriesModel.swift */ = {isa = PBXFileReference; fileEncoding = 4; lastKnownFileType = sourcecode.swift; path = NavigationEntriesModel.swift; sourceTree = "<group>"; };
		AF5AD8EE1DDF3895002D9B4E /* NavigationElementTests.swift */ = {isa = PBXFileReference; fileEncoding = 4; lastKnownFileType = sourcecode.swift; path = NavigationElementTests.swift; sourceTree = "<group>"; };
		AF7822F91DDEE1FA00CBEF99 /* MenuTableViewController.swift */ = {isa = PBXFileReference; fileEncoding = 4; lastKnownFileType = sourcecode.swift; path = MenuTableViewController.swift; sourceTree = "<group>"; };
		AF86F6A21DDED2E90064B64B /* MyToysTest.app */ = {isa = PBXFileReference; explicitFileType = wrapper.application; includeInIndex = 0; path = MyToysTest.app; sourceTree = BUILT_PRODUCTS_DIR; };
		AF86F6A51DDED2E90064B64B /* AppDelegate.swift */ = {isa = PBXFileReference; lastKnownFileType = sourcecode.swift; path = AppDelegate.swift; sourceTree = "<group>"; };
		AF86F6A71DDED2E90064B64B /* StartViewController.swift */ = {isa = PBXFileReference; lastKnownFileType = sourcecode.swift; path = StartViewController.swift; sourceTree = "<group>"; };
		AF86F6AA1DDED2E90064B64B /* Base */ = {isa = PBXFileReference; lastKnownFileType = file.storyboard; name = Base; path = Base.lproj/Main.storyboard; sourceTree = "<group>"; };
		AF86F6AC1DDED2E90064B64B /* Assets.xcassets */ = {isa = PBXFileReference; lastKnownFileType = folder.assetcatalog; path = Assets.xcassets; sourceTree = "<group>"; };
		AF86F6AF1DDED2E90064B64B /* Base */ = {isa = PBXFileReference; lastKnownFileType = file.storyboard; name = Base; path = Base.lproj/LaunchScreen.storyboard; sourceTree = "<group>"; };
		AF86F6B11DDED2E90064B64B /* Info.plist */ = {isa = PBXFileReference; lastKnownFileType = text.plist.xml; path = Info.plist; sourceTree = "<group>"; };
		AF86F6B61DDED2E90064B64B /* MyToysTestTests.xctest */ = {isa = PBXFileReference; explicitFileType = wrapper.cfbundle; includeInIndex = 0; path = MyToysTestTests.xctest; sourceTree = BUILT_PRODUCTS_DIR; };
		AF86F6BC1DDED2E90064B64B /* Info.plist */ = {isa = PBXFileReference; lastKnownFileType = text.plist.xml; path = Info.plist; sourceTree = "<group>"; };
		AF86F6C11DDED2E90064B64B /* MyToysTestUITests.xctest */ = {isa = PBXFileReference; explicitFileType = wrapper.cfbundle; includeInIndex = 0; path = MyToysTestUITests.xctest; sourceTree = BUILT_PRODUCTS_DIR; };
		AF86F6C51DDED2E90064B64B /* MyToysTestUITests.swift */ = {isa = PBXFileReference; lastKnownFileType = sourcecode.swift; path = MyToysTestUITests.swift; sourceTree = "<group>"; };
		AF86F6C71DDED2E90064B64B /* Info.plist */ = {isa = PBXFileReference; lastKnownFileType = text.plist.xml; path = Info.plist; sourceTree = "<group>"; };
		AFABBC151DDF717C00E8998B /* MenuPresenterTests.swift */ = {isa = PBXFileReference; fileEncoding = 4; lastKnownFileType = sourcecode.swift; path = MenuPresenterTests.swift; sourceTree = "<group>"; };
		AFABBC171DDF8F6900E8998B /* XCTestCaseExtension.swift */ = {isa = PBXFileReference; fileEncoding = 4; lastKnownFileType = sourcecode.swift; path = XCTestCaseExtension.swift; sourceTree = "<group>"; };
		D8B9460362E3A06B77CD9A32 /* Pods-MyToysTestUITests.release.xcconfig */ = {isa = PBXFileReference; includeInIndex = 1; lastKnownFileType = text.xcconfig; name = "Pods-MyToysTestUITests.release.xcconfig"; path = "Pods/Target Support Files/Pods-MyToysTestUITests/Pods-MyToysTestUITests.release.xcconfig"; sourceTree = "<group>"; };
		DA4F3401C003C710EF66609B /* Pods_MyToysTestUITests.framework */ = {isa = PBXFileReference; explicitFileType = wrapper.framework; includeInIndex = 0; path = Pods_MyToysTestUITests.framework; sourceTree = BUILT_PRODUCTS_DIR; };
		E8A5C743012FE9E29FB6CA0D /* Pods_MyToysTest.framework */ = {isa = PBXFileReference; explicitFileType = wrapper.framework; includeInIndex = 0; path = Pods_MyToysTest.framework; sourceTree = BUILT_PRODUCTS_DIR; };
/* End PBXFileReference section */

/* Begin PBXFrameworksBuildPhase section */
		AF86F69F1DDED2E90064B64B /* Frameworks */ = {
			isa = PBXFrameworksBuildPhase;
			buildActionMask = 2147483647;
			files = (
				B72B74E3E4F0CACDB0046961 /* Pods_MyToysTest.framework in Frameworks */,
			);
			runOnlyForDeploymentPostprocessing = 0;
		};
		AF86F6B31DDED2E90064B64B /* Frameworks */ = {
			isa = PBXFrameworksBuildPhase;
			buildActionMask = 2147483647;
			files = (
				B95CF40D675D36555FFE5E58 /* Pods_MyToysTestTests.framework in Frameworks */,
			);
			runOnlyForDeploymentPostprocessing = 0;
		};
		AF86F6BE1DDED2E90064B64B /* Frameworks */ = {
			isa = PBXFrameworksBuildPhase;
			buildActionMask = 2147483647;
			files = (
				E00C9FBEB0DBAF5631404B5D /* Pods_MyToysTestUITests.framework in Frameworks */,
			);
			runOnlyForDeploymentPostprocessing = 0;
		};
/* End PBXFrameworksBuildPhase section */

/* Begin PBXGroup section */
		04A8AD78CEBF1534D509530D /* Pods */ = {
			isa = PBXGroup;
			children = (
				19478C2295986BB844915065 /* Pods-MyToysTest.debug.xcconfig */,
				4BE1E97250B0511CFB885E0B /* Pods-MyToysTest.release.xcconfig */,
				2523894FDA723C276485F497 /* Pods-MyToysTestTests.debug.xcconfig */,
				0F90FC0BFF7F9AA6A0EE6603 /* Pods-MyToysTestTests.release.xcconfig */,
				159EF6B2DAE0EA5B14E74917 /* Pods-MyToysTestUITests.debug.xcconfig */,
				D8B9460362E3A06B77CD9A32 /* Pods-MyToysTestUITests.release.xcconfig */,
			);
			name = Pods;
			sourceTree = "<group>";
		};
		AF5AD8E21DDEEFC4002D9B4E /* Communication */ = {
			isa = PBXGroup;
			children = (
				AF5AD8E31DDEEFDD002D9B4E /* MenuService.swift */,
				AF5AD8E81DDF1C44002D9B4E /* NavigationElement.swift */,
				AF5AD8EA1DDF2C95002D9B4E /* NavigationEntryModel.swift */,
				AF5AD8EC1DDF2CDB002D9B4E /* NavigationEntriesModel.swift */,
			);
			name = Communication;
			sourceTree = "<group>";
		};
		AF5AD8E71DDF1126002D9B4E /* Menu */ = {
			isa = PBXGroup;
			children = (
				AF5AD8E51DDF0DA0002D9B4E /* MenuPresenter.swift */,
				AF7822F91DDEE1FA00CBEF99 /* MenuTableViewController.swift */,
				AF23A7331DDF5C3C006FAB42 /* MenuNavigationController.swift */,
			);
			name = Menu;
			sourceTree = "<group>";
		};
		AF7822FB1DDEE20B00CBEF99 /* Supporting files */ = {
			isa = PBXGroup;
			children = (
				AF86F6AE1DDED2E90064B64B /* LaunchScreen.storyboard */,
				AF86F6AC1DDED2E90064B64B /* Assets.xcassets */,
				AF86F6B11DDED2E90064B64B /* Info.plist */,
			);
			name = "Supporting files";
			sourceTree = "<group>";
		};
		AF86F6991DDED2E90064B64B = {
			isa = PBXGroup;
			children = (
				AF86F6A41DDED2E90064B64B /* MyToysTest */,
				AF86F6B91DDED2E90064B64B /* MyToysTestTests */,
				AF86F6C41DDED2E90064B64B /* MyToysTestUITests */,
				AF86F6A31DDED2E90064B64B /* Products */,
				04A8AD78CEBF1534D509530D /* Pods */,
				B5F9F7884C4C47421234DF31 /* Frameworks */,
			);
			sourceTree = "<group>";
		};
		AF86F6A31DDED2E90064B64B /* Products */ = {
			isa = PBXGroup;
			children = (
				AF86F6A21DDED2E90064B64B /* MyToysTest.app */,
				AF86F6B61DDED2E90064B64B /* MyToysTestTests.xctest */,
				AF86F6C11DDED2E90064B64B /* MyToysTestUITests.xctest */,
			);
			name = Products;
			sourceTree = "<group>";
		};
		AF86F6A41DDED2E90064B64B /* MyToysTest */ = {
			isa = PBXGroup;
			children = (
				AF7822FB1DDEE20B00CBEF99 /* Supporting files */,
				AF5AD8E21DDEEFC4002D9B4E /* Communication */,
				AF5AD8E71DDF1126002D9B4E /* Menu */,
				AF86F6A51DDED2E90064B64B /* AppDelegate.swift */,
				AF86F6A91DDED2E90064B64B /* Main.storyboard */,
				AF86F6A71DDED2E90064B64B /* StartViewController.swift */,
			);
			path = MyToysTest;
			sourceTree = "<group>";
		};
		AF86F6B91DDED2E90064B64B /* MyToysTestTests */ = {
			isa = PBXGroup;
			children = (
				AF86F6BC1DDED2E90064B64B /* Info.plist */,
				AF5AD8EE1DDF3895002D9B4E /* NavigationElementTests.swift */,
				AFABBC151DDF717C00E8998B /* MenuPresenterTests.swift */,
			);
			path = MyToysTestTests;
			sourceTree = "<group>";
		};
		AF86F6C41DDED2E90064B64B /* MyToysTestUITests */ = {
			isa = PBXGroup;
			children = (
				AFABBC191DDF8F8800E8998B /* Supporting files */,
				AF86F6C51DDED2E90064B64B /* MyToysTestUITests.swift */,
				AF86F6C71DDED2E90064B64B /* Info.plist */,
			);
			path = MyToysTestUITests;
			sourceTree = "<group>";
		};
		AFABBC191DDF8F8800E8998B /* Supporting files */ = {
			isa = PBXGroup;
			children = (
				AFABBC171DDF8F6900E8998B /* XCTestCaseExtension.swift */,
			);
			name = "Supporting files";
			sourceTree = "<group>";
		};
		B5F9F7884C4C47421234DF31 /* Frameworks */ = {
			isa = PBXGroup;
			children = (
				E8A5C743012FE9E29FB6CA0D /* Pods_MyToysTest.framework */,
				54A890205A5D4CE52D93E79F /* Pods_MyToysTestTests.framework */,
				DA4F3401C003C710EF66609B /* Pods_MyToysTestUITests.framework */,
			);
			name = Frameworks;
			sourceTree = "<group>";
		};
/* End PBXGroup section */

/* Begin PBXNativeTarget section */
		AF86F6A11DDED2E90064B64B /* MyToysTest */ = {
			isa = PBXNativeTarget;
			buildConfigurationList = AF86F6CA1DDED2E90064B64B /* Build configuration list for PBXNativeTarget "MyToysTest" */;
			buildPhases = (
				4953F06C2F63129F4CA5007D /* [CP] Check Pods Manifest.lock */,
				AF86F69E1DDED2E90064B64B /* Sources */,
				AF86F69F1DDED2E90064B64B /* Frameworks */,
				AF86F6A01DDED2E90064B64B /* Resources */,
				2355612E688603454EE85F25 /* [CP] Embed Pods Frameworks */,
				18E23083738B51EAE5BAE58D /* [CP] Copy Pods Resources */,
			);
			buildRules = (
			);
			dependencies = (
			);
			name = MyToysTest;
			productName = MyToysTest;
			productReference = AF86F6A21DDED2E90064B64B /* MyToysTest.app */;
			productType = "com.apple.product-type.application";
		};
		AF86F6B51DDED2E90064B64B /* MyToysTestTests */ = {
			isa = PBXNativeTarget;
			buildConfigurationList = AF86F6CD1DDED2E90064B64B /* Build configuration list for PBXNativeTarget "MyToysTestTests" */;
			buildPhases = (
				1BB8825A3EBDD54C6FFF733E /* [CP] Check Pods Manifest.lock */,
				AF86F6B21DDED2E90064B64B /* Sources */,
				AF86F6B31DDED2E90064B64B /* Frameworks */,
				AF86F6B41DDED2E90064B64B /* Resources */,
				1814A42CC0A86C4352E4662F /* [CP] Embed Pods Frameworks */,
				431B8B1793921A3942A77A37 /* [CP] Copy Pods Resources */,
			);
			buildRules = (
			);
			dependencies = (
				AF86F6B81DDED2E90064B64B /* PBXTargetDependency */,
			);
			name = MyToysTestTests;
			productName = MyToysTestTests;
			productReference = AF86F6B61DDED2E90064B64B /* MyToysTestTests.xctest */;
			productType = "com.apple.product-type.bundle.unit-test";
		};
		AF86F6C01DDED2E90064B64B /* MyToysTestUITests */ = {
			isa = PBXNativeTarget;
			buildConfigurationList = AF86F6D01DDED2E90064B64B /* Build configuration list for PBXNativeTarget "MyToysTestUITests" */;
			buildPhases = (
				9C456DF2E89867BE9856825C /* [CP] Check Pods Manifest.lock */,
				AF86F6BD1DDED2E90064B64B /* Sources */,
				AF86F6BE1DDED2E90064B64B /* Frameworks */,
				AF86F6BF1DDED2E90064B64B /* Resources */,
				DDA367E1BAEB7D4C279AFC0D /* [CP] Embed Pods Frameworks */,
				B2BFD6EDE143BB5644BB1EB7 /* [CP] Copy Pods Resources */,
			);
			buildRules = (
			);
			dependencies = (
				AF86F6C31DDED2E90064B64B /* PBXTargetDependency */,
			);
			name = MyToysTestUITests;
			productName = MyToysTestUITests;
			productReference = AF86F6C11DDED2E90064B64B /* MyToysTestUITests.xctest */;
			productType = "com.apple.product-type.bundle.ui-testing";
		};
/* End PBXNativeTarget section */

/* Begin PBXProject section */
		AF86F69A1DDED2E90064B64B /* Project object */ = {
			isa = PBXProject;
			attributes = {
				LastSwiftUpdateCheck = 0810;
				LastUpgradeCheck = 0810;
				ORGANIZATIONNAME = "Daniel Klöck";
				TargetAttributes = {
					AF86F6A11DDED2E90064B64B = {
						CreatedOnToolsVersion = 8.1;
						DevelopmentTeam = S6GTX575R2;
						ProvisioningStyle = Automatic;
					};
					AF86F6B51DDED2E90064B64B = {
						CreatedOnToolsVersion = 8.1;
						DevelopmentTeam = S6GTX575R2;
						ProvisioningStyle = Automatic;
						TestTargetID = AF86F6A11DDED2E90064B64B;
					};
					AF86F6C01DDED2E90064B64B = {
						CreatedOnToolsVersion = 8.1;
						DevelopmentTeam = S6GTX575R2;
						ProvisioningStyle = Automatic;
						TestTargetID = AF86F6A11DDED2E90064B64B;
					};
				};
			};
			buildConfigurationList = AF86F69D1DDED2E90064B64B /* Build configuration list for PBXProject "MyToysTest" */;
			compatibilityVersion = "Xcode 3.2";
			developmentRegion = English;
			hasScannedForEncodings = 0;
			knownRegions = (
				en,
				Base,
			);
			mainGroup = AF86F6991DDED2E90064B64B;
			productRefGroup = AF86F6A31DDED2E90064B64B /* Products */;
			projectDirPath = "";
			projectRoot = "";
			targets = (
				AF86F6A11DDED2E90064B64B /* MyToysTest */,
				AF86F6B51DDED2E90064B64B /* MyToysTestTests */,
				AF86F6C01DDED2E90064B64B /* MyToysTestUITests */,
			);
		};
/* End PBXProject section */

/* Begin PBXResourcesBuildPhase section */
		AF86F6A01DDED2E90064B64B /* Resources */ = {
			isa = PBXResourcesBuildPhase;
			buildActionMask = 2147483647;
			files = (
				AF86F6B01DDED2E90064B64B /* LaunchScreen.storyboard in Resources */,
				AF86F6AD1DDED2E90064B64B /* Assets.xcassets in Resources */,
				AF86F6AB1DDED2E90064B64B /* Main.storyboard in Resources */,
			);
			runOnlyForDeploymentPostprocessing = 0;
		};
		AF86F6B41DDED2E90064B64B /* Resources */ = {
			isa = PBXResourcesBuildPhase;
			buildActionMask = 2147483647;
			files = (
			);
			runOnlyForDeploymentPostprocessing = 0;
		};
		AF86F6BF1DDED2E90064B64B /* Resources */ = {
			isa = PBXResourcesBuildPhase;
			buildActionMask = 2147483647;
			files = (
			);
			runOnlyForDeploymentPostprocessing = 0;
		};
/* End PBXResourcesBuildPhase section */

/* Begin PBXShellScriptBuildPhase section */
		1814A42CC0A86C4352E4662F /* [CP] Embed Pods Frameworks */ = {
			isa = PBXShellScriptBuildPhase;
			buildActionMask = 2147483647;
			files = (
			);
			inputPaths = (
			);
			name = "[CP] Embed Pods Frameworks";
			outputPaths = (
			);
			runOnlyForDeploymentPostprocessing = 0;
			shellPath = /bin/sh;
			shellScript = "\"${SRCROOT}/Pods/Target Support Files/Pods-MyToysTestTests/Pods-MyToysTestTests-frameworks.sh\"\n";
			showEnvVarsInLog = 0;
		};
		18E23083738B51EAE5BAE58D /* [CP] Copy Pods Resources */ = {
			isa = PBXShellScriptBuildPhase;
			buildActionMask = 2147483647;
			files = (
			);
			inputPaths = (
			);
			name = "[CP] Copy Pods Resources";
			outputPaths = (
			);
			runOnlyForDeploymentPostprocessing = 0;
			shellPath = /bin/sh;
			shellScript = "\"${SRCROOT}/Pods/Target Support Files/Pods-MyToysTest/Pods-MyToysTest-resources.sh\"\n";
			showEnvVarsInLog = 0;
		};
		1BB8825A3EBDD54C6FFF733E /* [CP] Check Pods Manifest.lock */ = {
			isa = PBXShellScriptBuildPhase;
			buildActionMask = 2147483647;
			files = (
			);
			inputPaths = (
			);
			name = "[CP] Check Pods Manifest.lock";
			outputPaths = (
			);
			runOnlyForDeploymentPostprocessing = 0;
			shellPath = /bin/sh;
			shellScript = "diff \"${PODS_ROOT}/../Podfile.lock\" \"${PODS_ROOT}/Manifest.lock\" > /dev/null\nif [ $? != 0 ] ; then\n    # print error to STDERR\n    echo \"error: The sandbox is not in sync with the Podfile.lock. Run 'pod install' or update your CocoaPods installation.\" >&2\n    exit 1\nfi\n";
			showEnvVarsInLog = 0;
		};
		2355612E688603454EE85F25 /* [CP] Embed Pods Frameworks */ = {
			isa = PBXShellScriptBuildPhase;
			buildActionMask = 2147483647;
			files = (
			);
			inputPaths = (
			);
			name = "[CP] Embed Pods Frameworks";
			outputPaths = (
			);
			runOnlyForDeploymentPostprocessing = 0;
			shellPath = /bin/sh;
			shellScript = "\"${SRCROOT}/Pods/Target Support Files/Pods-MyToysTest/Pods-MyToysTest-frameworks.sh\"\n";
			showEnvVarsInLog = 0;
		};
		431B8B1793921A3942A77A37 /* [CP] Copy Pods Resources */ = {
			isa = PBXShellScriptBuildPhase;
			buildActionMask = 2147483647;
			files = (
			);
			inputPaths = (
			);
			name = "[CP] Copy Pods Resources";
			outputPaths = (
			);
			runOnlyForDeploymentPostprocessing = 0;
			shellPath = /bin/sh;
			shellScript = "\"${SRCROOT}/Pods/Target Support Files/Pods-MyToysTestTests/Pods-MyToysTestTests-resources.sh\"\n";
			showEnvVarsInLog = 0;
		};
		4953F06C2F63129F4CA5007D /* [CP] Check Pods Manifest.lock */ = {
			isa = PBXShellScriptBuildPhase;
			buildActionMask = 2147483647;
			files = (
			);
			inputPaths = (
			);
			name = "[CP] Check Pods Manifest.lock";
			outputPaths = (
			);
			runOnlyForDeploymentPostprocessing = 0;
			shellPath = /bin/sh;
			shellScript = "diff \"${PODS_ROOT}/../Podfile.lock\" \"${PODS_ROOT}/Manifest.lock\" > /dev/null\nif [ $? != 0 ] ; then\n    # print error to STDERR\n    echo \"error: The sandbox is not in sync with the Podfile.lock. Run 'pod install' or update your CocoaPods installation.\" >&2\n    exit 1\nfi\n";
			showEnvVarsInLog = 0;
		};
		9C456DF2E89867BE9856825C /* [CP] Check Pods Manifest.lock */ = {
			isa = PBXShellScriptBuildPhase;
			buildActionMask = 2147483647;
			files = (
			);
			inputPaths = (
			);
			name = "[CP] Check Pods Manifest.lock";
			outputPaths = (
			);
			runOnlyForDeploymentPostprocessing = 0;
			shellPath = /bin/sh;
			shellScript = "diff \"${PODS_ROOT}/../Podfile.lock\" \"${PODS_ROOT}/Manifest.lock\" > /dev/null\nif [ $? != 0 ] ; then\n    # print error to STDERR\n    echo \"error: The sandbox is not in sync with the Podfile.lock. Run 'pod install' or update your CocoaPods installation.\" >&2\n    exit 1\nfi\n";
			showEnvVarsInLog = 0;
		};
		B2BFD6EDE143BB5644BB1EB7 /* [CP] Copy Pods Resources */ = {
			isa = PBXShellScriptBuildPhase;
			buildActionMask = 2147483647;
			files = (
			);
			inputPaths = (
			);
			name = "[CP] Copy Pods Resources";
			outputPaths = (
			);
			runOnlyForDeploymentPostprocessing = 0;
			shellPath = /bin/sh;
			shellScript = "\"${SRCROOT}/Pods/Target Support Files/Pods-MyToysTestUITests/Pods-MyToysTestUITests-resources.sh\"\n";
			showEnvVarsInLog = 0;
		};
		DDA367E1BAEB7D4C279AFC0D /* [CP] Embed Pods Frameworks */ = {
			isa = PBXShellScriptBuildPhase;
			buildActionMask = 2147483647;
			files = (
			);
			inputPaths = (
			);
			name = "[CP] Embed Pods Frameworks";
			outputPaths = (
			);
			runOnlyForDeploymentPostprocessing = 0;
			shellPath = /bin/sh;
			shellScript = "\"${SRCROOT}/Pods/Target Support Files/Pods-MyToysTestUITests/Pods-MyToysTestUITests-frameworks.sh\"\n";
			showEnvVarsInLog = 0;
		};
/* End PBXShellScriptBuildPhase section */

/* Begin PBXSourcesBuildPhase section */
		AF86F69E1DDED2E90064B64B /* Sources */ = {
			isa = PBXSourcesBuildPhase;
			buildActionMask = 2147483647;
			files = (
				AF86F6A81DDED2E90064B64B /* StartViewController.swift in Sources */,
				AF5AD8E41DDEEFDD002D9B4E /* MenuService.swift in Sources */,
				AF5AD8E91DDF1C44002D9B4E /* NavigationElement.swift in Sources */,
				AF86F6A61DDED2E90064B64B /* AppDelegate.swift in Sources */,
				AF23A7341DDF5C3C006FAB42 /* MenuNavigationController.swift in Sources */,
				AF5AD8ED1DDF2CDB002D9B4E /* NavigationEntriesModel.swift in Sources */,
				AF5AD8E61DDF0DA0002D9B4E /* MenuPresenter.swift in Sources */,
				AF7822FA1DDEE1FA00CBEF99 /* MenuTableViewController.swift in Sources */,
				AF5AD8EB1DDF2C95002D9B4E /* NavigationEntryModel.swift in Sources */,
			);
			runOnlyForDeploymentPostprocessing = 0;
		};
		AF86F6B21DDED2E90064B64B /* Sources */ = {
			isa = PBXSourcesBuildPhase;
			buildActionMask = 2147483647;
			files = (
				AF5AD8EF1DDF3895002D9B4E /* NavigationElementTests.swift in Sources */,
				AFABBC161DDF717C00E8998B /* MenuPresenterTests.swift in Sources */,
			);
			runOnlyForDeploymentPostprocessing = 0;
		};
		AF86F6BD1DDED2E90064B64B /* Sources */ = {
			isa = PBXSourcesBuildPhase;
			buildActionMask = 2147483647;
			files = (
				AFABBC181DDF8F6900E8998B /* XCTestCaseExtension.swift in Sources */,
				AF86F6C61DDED2E90064B64B /* MyToysTestUITests.swift in Sources */,
			);
			runOnlyForDeploymentPostprocessing = 0;
		};
/* End PBXSourcesBuildPhase section */

/* Begin PBXTargetDependency section */
		AF86F6B81DDED2E90064B64B /* PBXTargetDependency */ = {
			isa = PBXTargetDependency;
			target = AF86F6A11DDED2E90064B64B /* MyToysTest */;
			targetProxy = AF86F6B71DDED2E90064B64B /* PBXContainerItemProxy */;
		};
		AF86F6C31DDED2E90064B64B /* PBXTargetDependency */ = {
			isa = PBXTargetDependency;
			target = AF86F6A11DDED2E90064B64B /* MyToysTest */;
			targetProxy = AF86F6C21DDED2E90064B64B /* PBXContainerItemProxy */;
		};
/* End PBXTargetDependency section */

/* Begin PBXVariantGroup section */
		AF86F6A91DDED2E90064B64B /* Main.storyboard */ = {
			isa = PBXVariantGroup;
			children = (
				AF86F6AA1DDED2E90064B64B /* Base */,
			);
			name = Main.storyboard;
			sourceTree = "<group>";
		};
		AF86F6AE1DDED2E90064B64B /* LaunchScreen.storyboard */ = {
			isa = PBXVariantGroup;
			children = (
				AF86F6AF1DDED2E90064B64B /* Base */,
			);
			name = LaunchScreen.storyboard;
			sourceTree = "<group>";
		};
/* End PBXVariantGroup section */

/* Begin XCBuildConfiguration section */
		AF86F6C81DDED2E90064B64B /* Debug */ = {
			isa = XCBuildConfiguration;
			buildSettings = {
				ALWAYS_SEARCH_USER_PATHS = NO;
				CLANG_ANALYZER_NONNULL = YES;
				CLANG_CXX_LANGUAGE_STANDARD = "gnu++0x";
				CLANG_CXX_LIBRARY = "libc++";
				CLANG_ENABLE_MODULES = YES;
				CLANG_ENABLE_OBJC_ARC = YES;
				CLANG_WARN_BOOL_CONVERSION = YES;
				CLANG_WARN_CONSTANT_CONVERSION = YES;
				CLANG_WARN_DIRECT_OBJC_ISA_USAGE = YES_ERROR;
				CLANG_WARN_DOCUMENTATION_COMMENTS = YES;
				CLANG_WARN_EMPTY_BODY = YES;
				CLANG_WARN_ENUM_CONVERSION = YES;
				CLANG_WARN_INFINITE_RECURSION = YES;
				CLANG_WARN_INT_CONVERSION = YES;
				CLANG_WARN_OBJC_ROOT_CLASS = YES_ERROR;
				CLANG_WARN_SUSPICIOUS_MOVES = YES;
				CLANG_WARN_UNREACHABLE_CODE = YES;
				CLANG_WARN__DUPLICATE_METHOD_MATCH = YES;
				"CODE_SIGN_IDENTITY[sdk=iphoneos*]" = "iPhone Developer";
				COPY_PHASE_STRIP = NO;
				DEBUG_INFORMATION_FORMAT = dwarf;
				ENABLE_STRICT_OBJC_MSGSEND = YES;
				ENABLE_TESTABILITY = YES;
				GCC_C_LANGUAGE_STANDARD = gnu99;
				GCC_DYNAMIC_NO_PIC = NO;
				GCC_NO_COMMON_BLOCKS = YES;
				GCC_OPTIMIZATION_LEVEL = 0;
				GCC_PREPROCESSOR_DEFINITIONS = (
					"DEBUG=1",
					"$(inherited)",
				);
				GCC_WARN_64_TO_32_BIT_CONVERSION = YES;
				GCC_WARN_ABOUT_RETURN_TYPE = YES_ERROR;
				GCC_WARN_UNDECLARED_SELECTOR = YES;
				GCC_WARN_UNINITIALIZED_AUTOS = YES_AGGRESSIVE;
				GCC_WARN_UNUSED_FUNCTION = YES;
				GCC_WARN_UNUSED_VARIABLE = YES;
				IPHONEOS_DEPLOYMENT_TARGET = 10.1;
				MTL_ENABLE_DEBUG_INFO = YES;
				ONLY_ACTIVE_ARCH = YES;
				SDKROOT = iphoneos;
				SWIFT_ACTIVE_COMPILATION_CONDITIONS = DEBUG;
				SWIFT_OPTIMIZATION_LEVEL = "-Onone";
			};
			name = Debug;
		};
		AF86F6C91DDED2E90064B64B /* Release */ = {
			isa = XCBuildConfiguration;
			buildSettings = {
				ALWAYS_SEARCH_USER_PATHS = NO;
				CLANG_ANALYZER_NONNULL = YES;
				CLANG_CXX_LANGUAGE_STANDARD = "gnu++0x";
				CLANG_CXX_LIBRARY = "libc++";
				CLANG_ENABLE_MODULES = YES;
				CLANG_ENABLE_OBJC_ARC = YES;
				CLANG_WARN_BOOL_CONVERSION = YES;
				CLANG_WARN_CONSTANT_CONVERSION = YES;
				CLANG_WARN_DIRECT_OBJC_ISA_USAGE = YES_ERROR;
				CLANG_WARN_DOCUMENTATION_COMMENTS = YES;
				CLANG_WARN_EMPTY_BODY = YES;
				CLANG_WARN_ENUM_CONVERSION = YES;
				CLANG_WARN_INFINITE_RECURSION = YES;
				CLANG_WARN_INT_CONVERSION = YES;
				CLANG_WARN_OBJC_ROOT_CLASS = YES_ERROR;
				CLANG_WARN_SUSPICIOUS_MOVES = YES;
				CLANG_WARN_UNREACHABLE_CODE = YES;
				CLANG_WARN__DUPLICATE_METHOD_MATCH = YES;
				"CODE_SIGN_IDENTITY[sdk=iphoneos*]" = "iPhone Developer";
				COPY_PHASE_STRIP = NO;
				DEBUG_INFORMATION_FORMAT = "dwarf-with-dsym";
				ENABLE_NS_ASSERTIONS = NO;
				ENABLE_STRICT_OBJC_MSGSEND = YES;
				GCC_C_LANGUAGE_STANDARD = gnu99;
				GCC_NO_COMMON_BLOCKS = YES;
				GCC_WARN_64_TO_32_BIT_CONVERSION = YES;
				GCC_WARN_ABOUT_RETURN_TYPE = YES_ERROR;
				GCC_WARN_UNDECLARED_SELECTOR = YES;
				GCC_WARN_UNINITIALIZED_AUTOS = YES_AGGRESSIVE;
				GCC_WARN_UNUSED_FUNCTION = YES;
				GCC_WARN_UNUSED_VARIABLE = YES;
				IPHONEOS_DEPLOYMENT_TARGET = 10.1;
				MTL_ENABLE_DEBUG_INFO = NO;
				SDKROOT = iphoneos;
				SWIFT_OPTIMIZATION_LEVEL = "-Owholemodule";
				VALIDATE_PRODUCT = YES;
			};
			name = Release;
		};
		AF86F6CB1DDED2E90064B64B /* Debug */ = {
			isa = XCBuildConfiguration;
			baseConfigurationReference = 19478C2295986BB844915065 /* Pods-MyToysTest.debug.xcconfig */;
			buildSettings = {
				ASSETCATALOG_COMPILER_APPICON_NAME = AppIcon;
				DEVELOPMENT_TEAM = S6GTX575R2;
				INFOPLIST_FILE = MyToysTest/Info.plist;
				IPHONEOS_DEPLOYMENT_TARGET = 9.0;
				LD_RUNPATH_SEARCH_PATHS = "$(inherited) @executable_path/Frameworks";
				PRODUCT_BUNDLE_IDENTIFIER = com.danielkloeck.mytoystest.MyToysTest;
				PRODUCT_NAME = "$(TARGET_NAME)";
				SWIFT_VERSION = 3.0;
			};
			name = Debug;
		};
		AF86F6CC1DDED2E90064B64B /* Release */ = {
			isa = XCBuildConfiguration;
			baseConfigurationReference = 4BE1E97250B0511CFB885E0B /* Pods-MyToysTest.release.xcconfig */;
			buildSettings = {
				ASSETCATALOG_COMPILER_APPICON_NAME = AppIcon;
				DEVELOPMENT_TEAM = S6GTX575R2;
				INFOPLIST_FILE = MyToysTest/Info.plist;
				IPHONEOS_DEPLOYMENT_TARGET = 9.0;
				LD_RUNPATH_SEARCH_PATHS = "$(inherited) @executable_path/Frameworks";
				PRODUCT_BUNDLE_IDENTIFIER = com.danielkloeck.mytoystest.MyToysTest;
				PRODUCT_NAME = "$(TARGET_NAME)";
				SWIFT_VERSION = 3.0;
			};
			name = Release;
		};
		AF86F6CE1DDED2E90064B64B /* Debug */ = {
			isa = XCBuildConfiguration;
			baseConfigurationReference = 2523894FDA723C276485F497 /* Pods-MyToysTestTests.debug.xcconfig */;
			buildSettings = {
				ALWAYS_EMBED_SWIFT_STANDARD_LIBRARIES = YES;
				BUNDLE_LOADER = "$(TEST_HOST)";
				DEVELOPMENT_TEAM = S6GTX575R2;
				INFOPLIST_FILE = MyToysTestTests/Info.plist;
				LD_RUNPATH_SEARCH_PATHS = "$(inherited) @executable_path/Frameworks @loader_path/Frameworks";
				PRODUCT_BUNDLE_IDENTIFIER = com.danielkloeck.mytoystest.MyToysTestTests;
				PRODUCT_NAME = "$(TARGET_NAME)";
				SWIFT_VERSION = 3.0;
				TEST_HOST = "$(BUILT_PRODUCTS_DIR)/MyToysTest.app/MyToysTest";
			};
			name = Debug;
		};
		AF86F6CF1DDED2E90064B64B /* Release */ = {
			isa = XCBuildConfiguration;
			baseConfigurationReference = 0F90FC0BFF7F9AA6A0EE6603 /* Pods-MyToysTestTests.release.xcconfig */;
			buildSettings = {
				ALWAYS_EMBED_SWIFT_STANDARD_LIBRARIES = YES;
				BUNDLE_LOADER = "$(TEST_HOST)";
				DEVELOPMENT_TEAM = S6GTX575R2;
				INFOPLIST_FILE = MyToysTestTests/Info.plist;
				LD_RUNPATH_SEARCH_PATHS = "$(inherited) @executable_path/Frameworks @loader_path/Frameworks";
				PRODUCT_BUNDLE_IDENTIFIER = com.danielkloeck.mytoystest.MyToysTestTests;
				PRODUCT_NAME = "$(TARGET_NAME)";
				SWIFT_VERSION = 3.0;
				TEST_HOST = "$(BUILT_PRODUCTS_DIR)/MyToysTest.app/MyToysTest";
			};
			name = Release;
		};
		AF86F6D11DDED2E90064B64B /* Debug */ = {
			isa = XCBuildConfiguration;
			baseConfigurationReference = 159EF6B2DAE0EA5B14E74917 /* Pods-MyToysTestUITests.debug.xcconfig */;
			buildSettings = {
				ALWAYS_EMBED_SWIFT_STANDARD_LIBRARIES = YES;
				DEVELOPMENT_TEAM = S6GTX575R2;
				INFOPLIST_FILE = MyToysTestUITests/Info.plist;
				LD_RUNPATH_SEARCH_PATHS = "$(inherited) @executable_path/Frameworks @loader_path/Frameworks";
				PRODUCT_BUNDLE_IDENTIFIER = com.danielkloeck.mytoystest.MyToysTestUITests;
				PRODUCT_NAME = "$(TARGET_NAME)";
				SWIFT_VERSION = 3.0;
				TEST_TARGET_NAME = MyToysTest;
			};
			name = Debug;
		};
		AF86F6D21DDED2E90064B64B /* Release */ = {
			isa = XCBuildConfiguration;
			baseConfigurationReference = D8B9460362E3A06B77CD9A32 /* Pods-MyToysTestUITests.release.xcconfig */;
			buildSettings = {
				ALWAYS_EMBED_SWIFT_STANDARD_LIBRARIES = YES;
				DEVELOPMENT_TEAM = S6GTX575R2;
				INFOPLIST_FILE = MyToysTestUITests/Info.plist;
				LD_RUNPATH_SEARCH_PATHS = "$(inherited) @executable_path/Frameworks @loader_path/Frameworks";
				PRODUCT_BUNDLE_IDENTIFIER = com.danielkloeck.mytoystest.MyToysTestUITests;
				PRODUCT_NAME = "$(TARGET_NAME)";
				SWIFT_VERSION = 3.0;
				TEST_TARGET_NAME = MyToysTest;
			};
			name = Release;
		};
/* End XCBuildConfiguration section */

/* Begin XCConfigurationList section */
		AF86F69D1DDED2E90064B64B /* Build configuration list for PBXProject "MyToysTest" */ = {
			isa = XCConfigurationList;
			buildConfigurations = (
				AF86F6C81DDED2E90064B64B /* Debug */,
				AF86F6C91DDED2E90064B64B /* Release */,
			);
			defaultConfigurationIsVisible = 0;
			defaultConfigurationName = Release;
		};
		AF86F6CA1DDED2E90064B64B /* Build configuration list for PBXNativeTarget "MyToysTest" */ = {
			isa = XCConfigurationList;
			buildConfigurations = (
				AF86F6CB1DDED2E90064B64B /* Debug */,
				AF86F6CC1DDED2E90064B64B /* Release */,
			);
			defaultConfigurationIsVisible = 0;
			defaultConfigurationName = Release;
		};
		AF86F6CD1DDED2E90064B64B /* Build configuration list for PBXNativeTarget "MyToysTestTests" */ = {
			isa = XCConfigurationList;
			buildConfigurations = (
				AF86F6CE1DDED2E90064B64B /* Debug */,
				AF86F6CF1DDED2E90064B64B /* Release */,
			);
			defaultConfigurationIsVisible = 0;
			defaultConfigurationName = Release;
		};
		AF86F6D01DDED2E90064B64B /* Build configuration list for PBXNativeTarget "MyToysTestUITests" */ = {
			isa = XCConfigurationList;
			buildConfigurations = (
				AF86F6D11DDED2E90064B64B /* Debug */,
				AF86F6D21DDED2E90064B64B /* Release */,
			);
			defaultConfigurationIsVisible = 0;
			defaultConfigurationName = Release;
		};
/* End XCConfigurationList section */
	};
	rootObject = AF86F69A1DDED2E90064B64B /* Project object */;
}
